<?xml version="1.0" encoding="utf-8"?>
<Project ToolsVersion="4.0" xmlns="http://schemas.microsoft.com/developer/msbuild/2003">
  <ItemGroup>
    <Filter Include="ヘッダー ファイル">
      <UniqueIdentifier>{93995380-89BD-4b04-88EB-625FBE52EBFB}</UniqueIdentifier>
      <Extensions>h;hh;hpp;hxx;hm;inl;inc;xsd</Extensions>
    </Filter>
    <Filter Include="リソース ファイル">
      <UniqueIdentifier>{67DA6AB6-F800-4c08-8B7A-83BB121AAD01}</UniqueIdentifier>
      <Extensions>rc;ico;cur;bmp;dlg;rc2;rct;bin;rgs;gif;jpg;jpeg;jpe;resx;tiff;tif;png;wav;mfcribbon-ms</Extensions>
    </Filter>
    <Filter Include="ソースファイル">
      <UniqueIdentifier>{2cd0f29a-299c-496b-b66d-6d942a8fedd2}</UniqueIdentifier>
    </Filter>
    <Filter Include="ソースファイル\OGSystem">
      <UniqueIdentifier>{c0ccdf70-62d9-405e-b786-203a2c01e0e7}</UniqueIdentifier>
    </Filter>
    <Filter Include="ソースファイル\Object">
      <UniqueIdentifier>{b4d7e6a7-3b66-41dd-8ed1-9e6e86d05c2f}</UniqueIdentifier>
    </Filter>
    <Filter Include="ソースファイル\Task">
      <UniqueIdentifier>{ed08a23c-71f3-4d2f-8c22-2ef6fd05f24b}</UniqueIdentifier>
    </Filter>
    <Filter Include="ソースファイル\Map">
      <UniqueIdentifier>{6cf23927-6acf-41cc-89de-8aff11756b46}</UniqueIdentifier>
    </Filter>
    <Filter Include="ソースファイル\Player">
      <UniqueIdentifier>{4ea31ccc-6e54-4ead-a513-1797ac966399}</UniqueIdentifier>
    </Filter>
    <Filter Include="ソースファイル\Task\Game">
      <UniqueIdentifier>{afd73d1e-8853-4042-84f7-fa4b38c1f097}</UniqueIdentifier>
    </Filter>
    <Filter Include="ソースファイル\Task\Title">
      <UniqueIdentifier>{ff2dbdfc-7dbf-469b-addd-424b0cef6b60}</UniqueIdentifier>
    </Filter>
    <Filter Include="ソースファイル\Water">
      <UniqueIdentifier>{0696ac02-3dbc-4abb-9594-5c17b95d6683}</UniqueIdentifier>
    </Filter>
    <Filter Include="ソースファイル\Goal">
      <UniqueIdentifier>{1ad8c3cd-5b64-43d8-802f-a11e154c67c1}</UniqueIdentifier>
    </Filter>
    <Filter Include="ソースファイル\Block">
      <UniqueIdentifier>{9de36b8e-092d-4d58-a53a-4220b94e99da}</UniqueIdentifier>
    </Filter>
    <Filter Include="ソースファイル\GIMMCK">
      <UniqueIdentifier>{6ad99194-3287-4484-922c-d5acaa43d4c5}</UniqueIdentifier>
    </Filter>
    <Filter Include="ソースファイル\GIMMCK\MOVE_GMMCK">
      <UniqueIdentifier>{84c5ea92-4e5e-4e4e-a978-c9ac657a86b5}</UniqueIdentifier>
    </Filter>
    <Filter Include="ソースファイル\GIMMCK\NO_MOVE_GIMMCK">
      <UniqueIdentifier>{14266d32-d9f2-4a3a-866e-8ddade1547e2}</UniqueIdentifier>
    </Filter>
    <Filter Include="ソースファイル\GameProcessManager">
      <UniqueIdentifier>{7a158ccb-92ef-49bf-bba4-eb00b469d726}</UniqueIdentifier>
    </Filter>
    <Filter Include="ソースファイル\Task\Option">
      <UniqueIdentifier>{15fb48ad-aba7-4595-a64e-590f92bee760}</UniqueIdentifier>
    </Filter>
    <Filter Include="ソースファイル\Task\Result">
      <UniqueIdentifier>{6efcaf64-f223-4c5d-8313-138097076e7d}</UniqueIdentifier>
    </Filter>
    <Filter Include="ソースファイル\Task\StageSelect">
      <UniqueIdentifier>{d62b9534-5856-4b17-88fe-d86f28d56ad2}</UniqueIdentifier>
    </Filter>
    <Filter Include="ソースファイル\Task\UI">
      <UniqueIdentifier>{ed486ab6-cbaa-43d5-8a3f-8fa2f40002ad}</UniqueIdentifier>
    </Filter>
    <Filter Include="ソースファイル\CameraManager">
      <UniqueIdentifier>{d2e787fa-356a-4206-b4a2-a949a42836b8}</UniqueIdentifier>
    </Filter>
    <Filter Include="ソースファイル\Back">
      <UniqueIdentifier>{a9725f9c-e94a-4a8c-82f6-0a84daac45e6}</UniqueIdentifier>
    </Filter>
    <Filter Include="ソースファイル\Chara">
      <UniqueIdentifier>{52d41689-55b7-4e63-935d-8708d308b3ff}</UniqueIdentifier>
    </Filter>
    <Filter Include="ソースファイル\Task\UI\Result">
      <UniqueIdentifier>{c23ee883-98a7-4ab2-b51b-deb216f13224}</UniqueIdentifier>
    </Filter>
    <Filter Include="ソースファイル\Task\Pause">
      <UniqueIdentifier>{38b8f658-e385-41c3-a075-3e78047634f1}</UniqueIdentifier>
    </Filter>
    <Filter Include="ソースファイル\OGSystem\System">
      <UniqueIdentifier>{ce522aeb-86e0-425e-856c-b067ec14c6da}</UniqueIdentifier>
    </Filter>
    <Filter Include="ソースファイル\OGSystem\System\Texture">
      <UniqueIdentifier>{11a14412-9808-4d80-a312-ad4c908089f6}</UniqueIdentifier>
    </Filter>
    <Filter Include="ソースファイル\OGSystem\System\Camera">
      <UniqueIdentifier>{3492ff9a-2534-43f6-844e-c7a5eb5287c1}</UniqueIdentifier>
    </Filter>
    <Filter Include="ソースファイル\OGSystem\System\FPS">
      <UniqueIdentifier>{26c27c58-5858-4c00-b521-e24960a7d699}</UniqueIdentifier>
    </Filter>
    <Filter Include="ソースファイル\OGSystem\System\Window">
      <UniqueIdentifier>{79f205cf-4993-4dbc-8a11-6c1cafb7cd5d}</UniqueIdentifier>
    </Filter>
    <Filter Include="ソースファイル\OGSystem\System\Input">
      <UniqueIdentifier>{7cfba067-a50b-4f3a-8bfe-a7d7ff417bde}</UniqueIdentifier>
    </Filter>
    <Filter Include="ソースファイル\OGSystem\System\Font">
      <UniqueIdentifier>{2d03d8fe-7589-4f5d-bfb5-b2898753bf2d}</UniqueIdentifier>
    </Filter>
    <Filter Include="ソースファイル\OGSystem\System\Collision">
      <UniqueIdentifier>{a0c0deec-7a39-4ffc-8e83-b19ed7dace57}</UniqueIdentifier>
    </Filter>
    <Filter Include="ソースファイル\OGSystem\System\Sound">
      <UniqueIdentifier>{3bbc2993-e65a-4e4d-a396-6647a9a80059}</UniqueIdentifier>
    </Filter>
    <Filter Include="ソースファイル\OGSystem\System\Sound\Audio">
      <UniqueIdentifier>{d7c8a8d3-047d-457a-946e-d5a69d8156bc}</UniqueIdentifier>
    </Filter>
    <Filter Include="ソースファイル\OGSystem\System\Timer">
      <UniqueIdentifier>{b0f1c63f-2af4-468d-891d-f836688630b2}</UniqueIdentifier>
    </Filter>
    <Filter Include="ソースファイル\OGSystem\System\Easing">
      <UniqueIdentifier>{29be51b7-4dbe-4f28-a121-cac4cd17db15}</UniqueIdentifier>
    </Filter>
    <Filter Include="ソースファイル\OGSystem\System\Random">
      <UniqueIdentifier>{1e49fbb4-0709-4e02-bb94-4922449ddaaa}</UniqueIdentifier>
    </Filter>
    <Filter Include="ソースファイル\OGSystem\System\ResourceManager">
      <UniqueIdentifier>{a6a06207-bbbb-436f-9e8e-50db74cd07d0}</UniqueIdentifier>
    </Filter>
    <Filter Include="ソースファイル\OGSystem\System\OG">
      <UniqueIdentifier>{1fdc3c70-53db-4d93-b9d6-4726065105aa}</UniqueIdentifier>
    </Filter>
    <Filter Include="ソースファイル\Recorder">
      <UniqueIdentifier>{c86f3fd4-a747-4ad6-bce2-7b99aae72497}</UniqueIdentifier>
    </Filter>
    <Filter Include="ソースファイル\Task\TitleMovement">
      <UniqueIdentifier>{ad3c6b88-f52b-4935-9503-cbe669410ed3}</UniqueIdentifier>
    </Filter>
    <Filter Include="ソースファイル\Gate">
      <UniqueIdentifier>{460e39c7-745e-4e7c-82d7-867e8bd3f608}</UniqueIdentifier>
    </Filter>
    <Filter Include="ソースファイル\LoadLogo">
      <UniqueIdentifier>{9552b153-db7f-4b3f-b4d3-c82aed0eccf4}</UniqueIdentifier>
    </Filter>
    <Filter Include="ソースファイル\Effect">
      <UniqueIdentifier>{608f77d8-0587-4269-9ec0-676cd8ff2058}</UniqueIdentifier>
    </Filter>
    <Filter Include="ソースファイル\Task\StageAlert">
      <UniqueIdentifier>{75c978a2-1cb3-4ceb-b8f5-06fc277ecd2a}</UniqueIdentifier>
    </Filter>
    <Filter Include="ソースファイル\volumeControl">
      <UniqueIdentifier>{e3751e79-378a-4a46-8f29-4d057e8b11d6}</UniqueIdentifier>
    </Filter>
    <Filter Include="ソースファイル\Paint">
      <UniqueIdentifier>{848715e8-54c7-4038-aa37-758e7282c09f}</UniqueIdentifier>
    </Filter>
    <Filter Include="ソースファイル\OGSystem\System\Icon">
      <UniqueIdentifier>{b752a1f7-d8d9-467f-939c-7f74e9922062}</UniqueIdentifier>
    </Filter>
    <Filter Include="ソースファイル\Task\Credit">
      <UniqueIdentifier>{2b5af848-f153-4022-ab4a-1df6c4bcf3b7}</UniqueIdentifier>
    </Filter>
    <Filter Include="ソースファイル\Task\Demo">
      <UniqueIdentifier>{78e87df9-0c80-4b4d-a085-755a2223352c}</UniqueIdentifier>
    </Filter>
    <Filter Include="ソースファイル\Task\JecLogo">
      <UniqueIdentifier>{780d195c-7f0b-4d1a-83a4-bd521a4efadf}</UniqueIdentifier>
    </Filter>
  </ItemGroup>
  <ItemGroup>
    <ClCompile Include="src\Object\Object.cpp">
      <Filter>ソースファイル\Object</Filter>
    </ClCompile>
    <ClCompile Include="src\Map\Map.cpp">
      <Filter>ソースファイル\Map</Filter>
    </ClCompile>
    <ClCompile Include="src\OGSystem\OGTask.cpp">
      <Filter>ソースファイル\OGSystem</Filter>
    </ClCompile>
    <ClCompile Include="src\Water\water.cpp">
      <Filter>ソースファイル\Water</Filter>
    </ClCompile>
    <ClCompile Include="src\Bucket\bucket.cpp">
      <Filter>ソースファイル\GIMMCK\MOVE_GMMCK</Filter>
    </ClCompile>
    <ClCompile Include="src\Goal\Goal.cpp">
      <Filter>ソースファイル\Goal</Filter>
    </ClCompile>
    <ClCompile Include="src\OGSystem\Camera\Camera.cpp">
      <Filter>ソースファイル\OGSystem\System\Camera</Filter>
    </ClCompile>
    <ClCompile Include="src\OGSystem\FPS\FPS.cpp">
      <Filter>ソースファイル\OGSystem\System\FPS</Filter>
    </ClCompile>
    <ClCompile Include="src\OGSystem\Input\Input.cpp">
      <Filter>ソースファイル\OGSystem\System\Input</Filter>
    </ClCompile>
    <ClCompile Include="src\OGSystem\Window\Window.cpp">
      <Filter>ソースファイル\OGSystem\System\Window</Filter>
    </ClCompile>
    <ClCompile Include="src\OGSystem\Texture\Texture.cpp">
      <Filter>ソースファイル\OGSystem\System\Texture</Filter>
    </ClCompile>
    <ClCompile Include="src\OGSystem\Collision\Collision.cpp">
      <Filter>ソースファイル\OGSystem\System\Collision</Filter>
    </ClCompile>
    <ClCompile Include="src\OGSystem\Audio\Audio.cpp">
      <Filter>ソースファイル\OGSystem\System\Sound\Audio</Filter>
    </ClCompile>
    <ClCompile Include="src\OGSystem\Audio\Sound.cpp">
      <Filter>ソースファイル\OGSystem\System\Sound</Filter>
    </ClCompile>
    <ClCompile Include="src\OGSystem\Audio\StreamingSound.cpp">
      <Filter>ソースファイル\OGSystem\System\Sound</Filter>
    </ClCompile>
    <ClCompile Include="src\Gimmick\NO_MOVE\Switch.cpp">
      <Filter>ソースファイル\GIMMCK\NO_MOVE_GIMMCK</Filter>
    </ClCompile>
    <ClCompile Include="src\Block\block.cpp">
      <Filter>ソースファイル\Block</Filter>
    </ClCompile>
    <ClCompile Include="src\Task\Task_Game.cpp">
      <Filter>ソースファイル\Task\Game</Filter>
    </ClCompile>
    <ClCompile Include="src\Block\block.cpp" />
    <ClCompile Include="src\OGSystem\Audio\SoundManager.cpp">
      <Filter>ソースファイル\OGSystem\System\Sound</Filter>
    </ClCompile>
    <ClCompile Include="src\OGSystem\Timer\glTimer.cpp">
      <Filter>ソースファイル\OGSystem\System\Timer</Filter>
    </ClCompile>
    <ClCompile Include="src\GameProcessManagement\GameProcessManagement.cpp">
      <Filter>ソースファイル\GameProcessManager</Filter>
    </ClCompile>
    <ClCompile Include="src\Task\Task_Result.cpp">
      <Filter>ソースファイル\Task\Result</Filter>
    </ClCompile>
    <ClCompile Include="src\Gimmick\NO_MOVE\Senpuki.cpp">
      <Filter>ソースファイル\GIMMCK\NO_MOVE_GIMMCK</Filter>
    </ClCompile>
    <ClCompile Include="src\Gimmick\NO_MOVE\Kanetuki.cpp">
      <Filter>ソースファイル\GIMMCK\NO_MOVE_GIMMCK</Filter>
    </ClCompile>
    <ClCompile Include="src\Gimmick\NO_MOVE\Seihyouki.cpp">
      <Filter>ソースファイル\GIMMCK\NO_MOVE_GIMMCK</Filter>
    </ClCompile>
    <ClCompile Include="src\OGSystem\Random\Random.cpp">
      <Filter>ソースファイル\OGSystem\System\Random</Filter>
    </ClCompile>
    <ClCompile Include="src\Player\Player.cpp">
      <Filter>ソースファイル\Player</Filter>
    </ClCompile>
    <ClCompile Include="src\Task\StageSelect.cpp">
      <Filter>ソースファイル\Task\StageSelect</Filter>
    </ClCompile>
    <ClCompile Include="src\Task\Task_Title.cpp">
      <Filter>ソースファイル\Task\Title</Filter>
    </ClCompile>
    <ClCompile Include="src\Win\WinMain.cpp">
      <Filter>ソースファイル</Filter>
    </ClCompile>
    <ClCompile Include="src\UI\UI.cpp">
      <Filter>ソースファイル\Task\UI</Filter>
    </ClCompile>
    <ClCompile Include="src\OGSystem\_OGsystem.cpp">
      <Filter>ソースファイル\OGSystem\System\OG</Filter>
    </ClCompile>
    <ClCompile Include="src\OGSystem\OGsystem.cpp">
      <Filter>ソースファイル\OGSystem\System\OG</Filter>
    </ClCompile>
    <ClCompile Include="src\OGSystem\OGlib.cpp">
      <Filter>ソースファイル\OGSystem\System\OG</Filter>
    </ClCompile>
    <ClCompile Include="src\OGSystem\TaskObject.cpp">
      <Filter>ソースファイル\OGSystem</Filter>
    </ClCompile>
    <ClCompile Include="src\OGSystem\ResourceManager\ResourceManager.cpp">
      <Filter>ソースファイル\OGSystem\System\ResourceManager</Filter>
    </ClCompile>
    <ClCompile Include="src\CameraManager\CameraManager.cpp">
      <Filter>ソースファイル\CameraManager</Filter>
    </ClCompile>
    <ClCompile Include="src\Back\Back.cpp">
      <Filter>ソースファイル\Back</Filter>
    </ClCompile>
    <ClCompile Include="src\Chara\Chara.cpp">
      <Filter>ソースファイル\Chara</Filter>
    </ClCompile>
    <ClCompile Include="src\Task\Task_Pause.cpp">
      <Filter>ソースファイル\Task\Pause</Filter>
    </ClCompile>
    <ClCompile Include="src\Recorder\Recorder.cpp">
      <Filter>ソースファイル\Recorder</Filter>
    </ClCompile>
    <ClCompile Include="src\Task\Task_TitleMovement.cpp">
      <Filter>ソースファイル\Task\TitleMovement</Filter>
    </ClCompile>
    <ClCompile Include="src\Gate\Gate.cpp">
      <Filter>ソースファイル\Gate</Filter>
    </ClCompile>
    <ClCompile Include="src\Load\LoadLogo.cpp">
      <Filter>ソースファイル\LoadLogo</Filter>
    </ClCompile>
    <ClCompile Include="src\Recorder\RecPlayer.cpp">
      <Filter>ソースファイル\Recorder</Filter>
    </ClCompile>
    <ClCompile Include="src\Task\Task_StageAlert.cpp">
      <Filter>ソースファイル\Task\StageAlert</Filter>
    </ClCompile>
    <ClCompile Include="src\Task\MapPreviewer.cpp">
      <Filter>ソースファイル\Task\StageAlert</Filter>
    </ClCompile>
    <ClCompile Include="src\VolumeControl\volumeControl.cpp">
      <Filter>ソースファイル\volumeControl</Filter>
    </ClCompile>
    <ClCompile Include="src\Paint\Paint.cpp">
      <Filter>ソースファイル\Paint</Filter>
    </ClCompile>
    <ClCompile Include="src\Effect\Effect.cpp">
      <Filter>ソースファイル\Effect</Filter>
    </ClCompile>
    <ClCompile Include="src\Gimmick\NO_MOVE\TimeSign.cpp">
      <Filter>ソースファイル\GIMMCK\NO_MOVE_GIMMCK</Filter>
    </ClCompile>
    <ClCompile Include="src\Map\Ornament.cpp">
      <Filter>ソースファイル\Map</Filter>
    </ClCompile>
    <ClCompile Include="src\Task\StageInfoRes.cpp">
      <Filter>ソースファイル\Task\StageAlert</Filter>
    </ClCompile>
    <ClCompile Include="src\Gimmick\NO_MOVE\Door.cpp">
      <Filter>ソースファイル\GIMMCK\NO_MOVE_GIMMCK</Filter>
    </ClCompile>
    <ClCompile Include="src\Task\Task_Credit.cpp">
      <Filter>ソースファイル\Task\Credit</Filter>
    </ClCompile>
    <ClCompile Include="src\UI\GoalDirectionUI.cpp">
      <Filter>ソースファイル\Goal</Filter>
    </ClCompile>
    <ClCompile Include="src\Gimmick\NO_MOVE\WeightSwitch.cpp">
      <Filter>ソースファイル\GIMMCK\NO_MOVE_GIMMCK</Filter>
    </ClCompile>
    <ClCompile Include="src\Task\Task_Demo.cpp">
      <Filter>ソースファイル\Task\Demo</Filter>
    </ClCompile>
    <ClCompile Include="src\Task\JecLogo.cpp">
      <Filter>ソースファイル\Task\JecLogo</Filter>
    </ClCompile>
    <ClCompile Include="src\OGSystem\Font\TextureFont.cpp">
      <Filter>ソースファイル\OGSystem\System\Font</Filter>
    </ClCompile>
  </ItemGroup>
  <ItemGroup>
    <ClInclude Include="src\Object\Object.h">
      <Filter>ソースファイル\Object</Filter>
    </ClInclude>
    <ClInclude Include="src\OGSystem\OGTask.h">
      <Filter>ソースファイル\OGSystem</Filter>
    </ClInclude>
    <ClInclude Include="src\Map\Map.h">
      <Filter>ソースファイル\Map</Filter>
    </ClInclude>
    <ClInclude Include="src\Player\Player.h">
      <Filter>ソースファイル\Player</Filter>
    </ClInclude>
    <ClInclude Include="src\Bucket\bucket.h">
      <Filter>ソースファイル\GIMMCK\MOVE_GMMCK</Filter>
    </ClInclude>
    <ClInclude Include="src\Goal\Goal.h">
      <Filter>ソースファイル\Goal</Filter>
    </ClInclude>
    <ClInclude Include="src\OGSystem\Camera\Camera.h">
      <Filter>ソースファイル\OGSystem\System\Camera</Filter>
    </ClInclude>
    <ClInclude Include="src\OGSystem\FPS\FPS.h">
      <Filter>ソースファイル\OGSystem\System\FPS</Filter>
    </ClInclude>
    <ClInclude Include="src\OGSystem\Input\Input.h">
      <Filter>ソースファイル\OGSystem\System\Input</Filter>
    </ClInclude>
    <ClInclude Include="src\OGSystem\Window\Window.h">
      <Filter>ソースファイル\OGSystem\System\Window</Filter>
    </ClInclude>
    <ClInclude Include="src\OGSystem\Texture\Texture.h">
      <Filter>ソースファイル\OGSystem\System\Texture</Filter>
    </ClInclude>
    <ClInclude Include="src\OGSystem\Collision\Collision.h">
      <Filter>ソースファイル\OGSystem\System\Collision</Filter>
    </ClInclude>
    <ClInclude Include="src\OGSystem\Audio\Audio.h">
      <Filter>ソースファイル\OGSystem\System\Sound\Audio</Filter>
    </ClInclude>
    <ClInclude Include="src\OGSystem\Audio\Sound.h">
      <Filter>ソースファイル\OGSystem\System\Sound</Filter>
    </ClInclude>
    <ClInclude Include="src\OGSystem\Audio\StreamingSound.h">
      <Filter>ソースファイル\OGSystem\System\Sound</Filter>
    </ClInclude>
    <ClInclude Include="src\Gimmick\NO_MOVE\Switch.h">
      <Filter>ソースファイル\GIMMCK\NO_MOVE_GIMMCK</Filter>
    </ClInclude>
    <ClInclude Include="src\Block\block.h">
      <Filter>ソースファイル\Block</Filter>
    </ClInclude>
    <ClInclude Include="src\Task\Task_Game.h">
      <Filter>ソースファイル\Task\Game</Filter>
    </ClInclude>
    <ClInclude Include="src\Task\Task_Title.h">
      <Filter>ソースファイル\Task\Title</Filter>
    </ClInclude>
    <ClInclude Include="src\Block\block.h">
      <Filter>ヘッダー ファイル</Filter>
    </ClInclude>
    <ClInclude Include="src\OGSystem\Audio\SoundManager.h">
      <Filter>ソースファイル\OGSystem\System\Sound</Filter>
    </ClInclude>
    <ClInclude Include="src\OGSystem\Timer\glTimer.h">
      <Filter>ソースファイル\OGSystem\System\Timer</Filter>
    </ClInclude>
    <ClInclude Include="src\GameProcessManagement\GameProcessManagement.h">
      <Filter>ソースファイル\GameProcessManager</Filter>
    </ClInclude>
    <ClInclude Include="src\OGSystem\Easing\easing.hpp">
      <Filter>ソースファイル\OGSystem\System\Easing</Filter>
    </ClInclude>
    <ClInclude Include="src\Task\Task_Result.h">
      <Filter>ソースファイル\Task\Result</Filter>
    </ClInclude>
    <ClInclude Include="src\Gimmick\NO_MOVE\Senpuki.h">
      <Filter>ソースファイル\GIMMCK\NO_MOVE_GIMMCK</Filter>
    </ClInclude>
    <ClInclude Include="src\Gimmick\NO_MOVE\Seihyouki.h">
      <Filter>ソースファイル\GIMMCK\NO_MOVE_GIMMCK</Filter>
    </ClInclude>
    <ClInclude Include="src\Gimmick\NO_MOVE\Kanetuki.h">
      <Filter>ソースファイル\GIMMCK\NO_MOVE_GIMMCK</Filter>
    </ClInclude>
    <ClInclude Include="src\OGSystem\Random\Random.h">
      <Filter>ソースファイル\OGSystem\System\Random</Filter>
    </ClInclude>
    <ClInclude Include="src\Task\StageSelect.h">
      <Filter>ソースファイル\Task\StageSelect</Filter>
    </ClInclude>
    <ClInclude Include="src\UI\UI.h">
      <Filter>ソースファイル\Task\UI</Filter>
    </ClInclude>
    <ClInclude Include="src\OGSystem\_OGsystem.h">
      <Filter>ソースファイル\OGSystem\System\OG</Filter>
    </ClInclude>
    <ClInclude Include="src\OGSystem\OGsystem.h">
      <Filter>ソースファイル\OGSystem\System\OG</Filter>
    </ClInclude>
    <ClInclude Include="src\OGSystem\OGlib.h">
      <Filter>ソースファイル\OGSystem\System\OG</Filter>
    </ClInclude>
    <ClInclude Include="src\OGSystem\TaskObject.h">
      <Filter>ソースファイル\OGSystem</Filter>
    </ClInclude>
    <ClInclude Include="src\Water\water.h">
      <Filter>ソースファイル\Water</Filter>
    </ClInclude>
    <ClInclude Include="src\OGSystem\ResourceManager\ResourceManager.h">
      <Filter>ソースファイル\OGSystem\System\ResourceManager</Filter>
    </ClInclude>
    <ClInclude Include="src\CameraManager\CameraManager.h">
      <Filter>ソースファイル\CameraManager</Filter>
    </ClInclude>
    <ClInclude Include="src\Back\Back.h">
      <Filter>ソースファイル\Back</Filter>
    </ClInclude>
    <ClInclude Include="src\Chara\Chara.h">
      <Filter>ソースファイル\Chara</Filter>
    </ClInclude>
    <ClInclude Include="src\Task\Task_Pause.h">
      <Filter>ソースファイル\Task\Pause</Filter>
    </ClInclude>
    <ClInclude Include="src\Recorder\Recorder.h">
      <Filter>ソースファイル\Recorder</Filter>
    </ClInclude>
    <ClInclude Include="src\Task\Task_TitleMovement.h">
      <Filter>ソースファイル\Task\TitleMovement</Filter>
    </ClInclude>
    <ClInclude Include="src\Gate\Gate.h">
      <Filter>ソースファイル\Gate</Filter>
    </ClInclude>
    <ClInclude Include="src\Load\LoadLogo.h">
      <Filter>ソースファイル\LoadLogo</Filter>
    </ClInclude>
    <ClInclude Include="src\Recorder\RecDef.h">
      <Filter>ソースファイル\Recorder</Filter>
    </ClInclude>
    <ClInclude Include="src\Recorder\RecPlayer.h">
      <Filter>ソースファイル\Recorder</Filter>
    </ClInclude>
    <ClInclude Include="src\Task\Task_StageAlert.h">
      <Filter>ソースファイル\Task\StageAlert</Filter>
    </ClInclude>
    <ClInclude Include="src\Task\MapPreviewer.h">
      <Filter>ソースファイル\Task\StageAlert</Filter>
    </ClInclude>
    <ClInclude Include="src\VolumeControl\volumeControl.h">
      <Filter>ソースファイル\volumeControl</Filter>
    </ClInclude>
    <ClInclude Include="src\Paint\Paint.h">
      <Filter>ソースファイル\Paint</Filter>
    </ClInclude>
    <ClInclude Include="src\Effect\Effect.h">
      <Filter>ソースファイル\Effect</Filter>
    </ClInclude>
    <ClInclude Include="src\Gimmick\NO_MOVE\TimeSign.h">
      <Filter>ソースファイル\GIMMCK\NO_MOVE_GIMMCK</Filter>
    </ClInclude>
    <ClInclude Include="src\Map\Ornament.h">
      <Filter>ソースファイル\Map</Filter>
    </ClInclude>
    <ClInclude Include="src\Task\StageInfoRes.h">
      <Filter>ソースファイル\Task\StageAlert</Filter>
    </ClInclude>
    <ClInclude Include="src\Gimmick\NO_MOVE\Door.h">
      <Filter>ソースファイル\GIMMCK\NO_MOVE_GIMMCK</Filter>
    </ClInclude>
    <ClInclude Include="src\Task\Task_Credit.h">
      <Filter>ソースファイル\Task\Credit</Filter>
    </ClInclude>
    <ClInclude Include="src\UI\GoalDirectionUI.h">
      <Filter>ソースファイル\Goal</Filter>
    </ClInclude>
    <ClInclude Include="src\Gimmick\NO_MOVE\WeightSwitch.h">
      <Filter>ソースファイル\GIMMCK\NO_MOVE_GIMMCK</Filter>
    </ClInclude>
    <ClInclude Include="src\Task\Task_Demo.h">
      <Filter>ソースファイル\Task\Demo</Filter>
    </ClInclude>
    <ClInclude Include="src\Task\JecLogo.h">
      <Filter>ソースファイル\Task\JecLogo</Filter>
    </ClInclude>
    <ClInclude Include="src\OGSystem\Font\TextureFont.h">
      <Filter>ソースファイル\OGSystem\System\Font</Filter>
    </ClInclude>
    <ClInclude Include="src\OGSystem\randmais.h">
      <Filter>ヘッダー ファイル</Filter>
    </ClInclude>
  </ItemGroup>
  <ItemGroup>
    <Image Include="data\image\testicon.ico">
      <Filter>リソース ファイル</Filter>
    </Image>
  </ItemGroup>
  <ItemGroup>
    <ResourceCompile Include="src\OGSystem\Icon\Resource.rc">
      <Filter>ソースファイル\OGSystem\System\Icon</Filter>
    </ResourceCompile>
  </ItemGroup>
</Project>