<?xml version="1.0" encoding="utf-8"?>
<Project ToolsVersion="4.0" xmlns="http://schemas.microsoft.com/developer/msbuild/2003">
  <ItemGroup>
    <Filter Include="ヘッダー ファイル">
      <UniqueIdentifier>{93995380-89BD-4b04-88EB-625FBE52EBFB}</UniqueIdentifier>
      <Extensions>h;hh;hpp;hxx;hm;inl;inc;xsd</Extensions>
    </Filter>
    <Filter Include="リソース ファイル">
      <UniqueIdentifier>{67DA6AB6-F800-4c08-8B7A-83BB121AAD01}</UniqueIdentifier>
      <Extensions>rc;ico;cur;bmp;dlg;rc2;rct;bin;rgs;gif;jpg;jpeg;jpe;resx;tiff;tif;png;wav;mfcribbon-ms</Extensions>
    </Filter>
    <Filter Include="ソースファイル">
      <UniqueIdentifier>{2cd0f29a-299c-496b-b66d-6d942a8fedd2}</UniqueIdentifier>
    </Filter>
    <Filter Include="ソースファイル\OGSystem">
      <UniqueIdentifier>{c0ccdf70-62d9-405e-b786-203a2c01e0e7}</UniqueIdentifier>
    </Filter>
    <Filter Include="ソースファイル\Object">
      <UniqueIdentifier>{b4d7e6a7-3b66-41dd-8ed1-9e6e86d05c2f}</UniqueIdentifier>
    </Filter>
    <Filter Include="ソースファイル\Task">
      <UniqueIdentifier>{ed08a23c-71f3-4d2f-8c22-2ef6fd05f24b}</UniqueIdentifier>
    </Filter>
    <Filter Include="ソースファイル\OGSystem\System">
      <UniqueIdentifier>{ce522aeb-86e0-425e-856c-b067ec14c6da}</UniqueIdentifier>
    </Filter>
    <Filter Include="ソースファイル\Map">
      <UniqueIdentifier>{6cf23927-6acf-41cc-89de-8aff11756b46}</UniqueIdentifier>
    </Filter>
    <Filter Include="ソースファイル\Player">
      <UniqueIdentifier>{4ea31ccc-6e54-4ead-a513-1797ac966399}</UniqueIdentifier>
    </Filter>
    <Filter Include="ソースファイル\Task\Game">
      <UniqueIdentifier>{afd73d1e-8853-4042-84f7-fa4b38c1f097}</UniqueIdentifier>
    </Filter>
    <Filter Include="ソースファイル\Task\Title">
      <UniqueIdentifier>{ff2dbdfc-7dbf-469b-addd-424b0cef6b60}</UniqueIdentifier>
    </Filter>
    <Filter Include="ソースファイル\Back">
      <UniqueIdentifier>{b2f9d793-2158-4aac-a61b-5e4346de2548}</UniqueIdentifier>
    </Filter>
    <Filter Include="ソースファイル\Water">
      <UniqueIdentifier>{0696ac02-3dbc-4abb-9594-5c17b95d6683}</UniqueIdentifier>
    </Filter>
    <Filter Include="ソースファイル\CollisionManager">
      <UniqueIdentifier>{0e039a03-be4f-44d0-b575-13461729a994}</UniqueIdentifier>
    </Filter>
    <Filter Include="ソースファイル\Goal">
      <UniqueIdentifier>{1ad8c3cd-5b64-43d8-802f-a11e154c67c1}</UniqueIdentifier>
    </Filter>
    <Filter Include="ソースファイル\OGSystem\System\Texture">
      <UniqueIdentifier>{11a14412-9808-4d80-a312-ad4c908089f6}</UniqueIdentifier>
    </Filter>
    <Filter Include="ソースファイル\OGSystem\System\Camera">
      <UniqueIdentifier>{3492ff9a-2534-43f6-844e-c7a5eb5287c1}</UniqueIdentifier>
    </Filter>
    <Filter Include="ソースファイル\OGSystem\System\FPS">
      <UniqueIdentifier>{26c27c58-5858-4c00-b521-e24960a7d699}</UniqueIdentifier>
    </Filter>
    <Filter Include="ソースファイル\OGSystem\System\Window">
      <UniqueIdentifier>{79f205cf-4993-4dbc-8a11-6c1cafb7cd5d}</UniqueIdentifier>
    </Filter>
    <Filter Include="ソースファイル\OGSystem\System\Input">
      <UniqueIdentifier>{7cfba067-a50b-4f3a-8bfe-a7d7ff417bde}</UniqueIdentifier>
    </Filter>
    <Filter Include="ソースファイル\OGSystem\System\Font">
      <UniqueIdentifier>{2d03d8fe-7589-4f5d-bfb5-b2898753bf2d}</UniqueIdentifier>
    </Filter>
    <Filter Include="ソースファイル\OGSystem\System\Collision">
      <UniqueIdentifier>{a0c0deec-7a39-4ffc-8e83-b19ed7dace57}</UniqueIdentifier>
    </Filter>
    <Filter Include="ソースファイル\OGSystem\System\Sound">
      <UniqueIdentifier>{3bbc2993-e65a-4e4d-a396-6647a9a80059}</UniqueIdentifier>
    </Filter>
    <Filter Include="ソースファイル\OGSystem\System\Sound\Audio">
      <UniqueIdentifier>{d7c8a8d3-047d-457a-946e-d5a69d8156bc}</UniqueIdentifier>
    </Filter>
    <Filter Include="ソースファイル\Block">
      <UniqueIdentifier>{9de36b8e-092d-4d58-a53a-4220b94e99da}</UniqueIdentifier>
    </Filter>
    <Filter Include="ソースファイル\GIMMCK">
      <UniqueIdentifier>{6ad99194-3287-4484-922c-d5acaa43d4c5}</UniqueIdentifier>
    </Filter>
    <Filter Include="ソースファイル\GIMMCK\MOVE_GMMCK">
      <UniqueIdentifier>{84c5ea92-4e5e-4e4e-a978-c9ac657a86b5}</UniqueIdentifier>
    </Filter>
    <Filter Include="ソースファイル\GIMMCK\NO_MOVE_GIMMCK">
      <UniqueIdentifier>{14266d32-d9f2-4a3a-866e-8ddade1547e2}</UniqueIdentifier>
    </Filter>
  </ItemGroup>
  <ItemGroup>
    <ClCompile Include="src\Win\WinMain.cpp">
      <Filter>ソースファイル</Filter>
    </ClCompile>
    <ClCompile Include="src\Object\Object.cpp">
      <Filter>ソースファイル\Object</Filter>
    </ClCompile>
    <ClCompile Include="src\OGSystem\_OGsystem.cpp">
      <Filter>ソースファイル\OGSystem\System</Filter>
    </ClCompile>
    <ClCompile Include="src\Map\Map.cpp">
      <Filter>ソースファイル\Map</Filter>
    </ClCompile>
    <ClCompile Include="src\OGSystem\OGTask.cpp">
      <Filter>ソースファイル\OGSystem</Filter>
    </ClCompile>
    <ClCompile Include="src\Player\Player.cpp">
      <Filter>ソースファイル\Player</Filter>
    </ClCompile>
    <ClCompile Include="src\Back\Back.cpp">
      <Filter>ソースファイル\Back</Filter>
    </ClCompile>
    <ClCompile Include="src\Water\water.cpp">
      <Filter>ソースファイル\Water</Filter>
    </ClCompile>
    <ClCompile Include="src\CollisionManager\CollisionManager.cpp">
      <Filter>ソースファイル\CollisionManager</Filter>
    </ClCompile>
    <ClCompile Include="src\Bucket\bucket.cpp">
      <Filter>ソースファイル\GIMMCK\MOVE_GMMCK</Filter>
    </ClCompile>
    <ClCompile Include="src\Goal\Goal.cpp">
      <Filter>ソースファイル\Goal</Filter>
    </ClCompile>
    <ClCompile Include="src\OGSystem\Camera\Camera.cpp">
      <Filter>ソースファイル\OGSystem\System\Camera</Filter>
    </ClCompile>
    <ClCompile Include="src\OGSystem\FPS\FPS.cpp">
      <Filter>ソースファイル\OGSystem\System\FPS</Filter>
    </ClCompile>
    <ClCompile Include="src\OGSystem\Input\Input.cpp">
      <Filter>ソースファイル\OGSystem\System\Input</Filter>
    </ClCompile>
    <ClCompile Include="src\OGSystem\Font\Font.cpp">
      <Filter>ソースファイル\OGSystem\System\Font</Filter>
    </ClCompile>
    <ClCompile Include="src\OGSystem\Window\Window.cpp">
      <Filter>ソースファイル\OGSystem\System\Window</Filter>
    </ClCompile>
    <ClCompile Include="src\OGSystem\Texture\Texture.cpp">
      <Filter>ソースファイル\OGSystem\System\Texture</Filter>
    </ClCompile>
    <ClCompile Include="src\OGSystem\Collision\Collision.cpp">
      <Filter>ソースファイル\OGSystem\System\Collision</Filter>
    </ClCompile>
    <ClCompile Include="src\OGSystem\Audio\Audio.cpp">
      <Filter>ソースファイル\OGSystem\System\Sound\Audio</Filter>
    </ClCompile>
    <ClCompile Include="src\OGSystem\Audio\Sound.cpp">
      <Filter>ソースファイル\OGSystem\System\Sound</Filter>
    </ClCompile>
    <ClCompile Include="src\OGSystem\Audio\StreamingSound.cpp">
      <Filter>ソースファイル\OGSystem\System\Sound</Filter>
    </ClCompile>
    <ClCompile Include="src\OGSystem\OGsystem.cpp">
      <Filter>ソースファイル\OGSystem\System</Filter>
    </ClCompile>
    <ClCompile Include="src\Gimmick\NO_MOVE\Kanetuki.cpp">
      <Filter>ソースファイル\GIMMCK\NO_MOVE_GIMMCK</Filter>
    </ClCompile>
    <ClCompile Include="src\Gimmick\NO_MOVE\Seihyouki.cpp">
      <Filter>ソースファイル\GIMMCK\NO_MOVE_GIMMCK</Filter>
    </ClCompile>
    <ClCompile Include="src\Gimmick\NO_MOVE\Switch.cpp">
      <Filter>ソースファイル\GIMMCK\NO_MOVE_GIMMCK</Filter>
    </ClCompile>
    <ClCompile Include="src\Gimmick\MOVE\Container.cpp">
      <Filter>ソースファイル\GIMMCK\MOVE_GMMCK</Filter>
    </ClCompile>
    <ClCompile Include="src\Block\block.cpp">
      <Filter>ソースファイル\Block</Filter>
    </ClCompile>
    <ClCompile Include="src\Task\Task_Game.cpp">
      <Filter>ソースファイル\Task\Game</Filter>
    </ClCompile>
    <ClCompile Include="src\Task\Task_Title.cpp">
      <Filter>ソースファイル\Task\Title</Filter>
    </ClCompile>
    <ClCompile Include="src\Gimmick\NO_MOVE\Senpuki.cpp">
      <Filter>ソースファイル\GIMMCK\NO_MOVE_GIMMCK</Filter>
    </ClCompile>
  </ItemGroup>
  <ItemGroup>
    <ClInclude Include="src\Win\WinMain.h">
      <Filter>ソースファイル</Filter>
    </ClInclude>
    <ClInclude Include="src\Object\Object.h">
      <Filter>ソースファイル\Object</Filter>
    </ClInclude>
    <ClInclude Include="src\OGSystem\OGTask.h">
      <Filter>ソースファイル\OGSystem</Filter>
    </ClInclude>
    <ClInclude Include="src\OGSystem\OGsystem.h">
      <Filter>ソースファイル\OGSystem\System</Filter>
    </ClInclude>
    <ClInclude Include="src\OGSystem\_OGsystem.h">
      <Filter>ソースファイル\OGSystem\System</Filter>
    </ClInclude>
    <ClInclude Include="src\Map\Map.h">
      <Filter>ソースファイル\Map</Filter>
    </ClInclude>
    <ClInclude Include="src\Player\Player.h">
      <Filter>ソースファイル\Player</Filter>
    </ClInclude>
    <ClInclude Include="src\Back\Back.h">
      <Filter>ソースファイル\Back</Filter>
    </ClInclude>
    <ClInclude Include="src\Water\water.h">
      <Filter>ソースファイル\Water</Filter>
    </ClInclude>
    <ClInclude Include="src\CollisionManager\CollisionManager.h">
      <Filter>ソースファイル\CollisionManager</Filter>
    </ClInclude>
    <ClInclude Include="src\Bucket\bucket.h">
      <Filter>ソースファイル\GIMMCK\MOVE_GMMCK</Filter>
    </ClInclude>
    <ClInclude Include="src\Goal\Goal.h">
      <Filter>ソースファイル\Goal</Filter>
    </ClInclude>
    <ClInclude Include="src\OGSystem\Camera\Camera.h">
      <Filter>ソースファイル\OGSystem\System\Camera</Filter>
    </ClInclude>
    <ClInclude Include="src\OGSystem\FPS\FPS.h">
      <Filter>ソースファイル\OGSystem\System\FPS</Filter>
    </ClInclude>
    <ClInclude Include="src\OGSystem\Input\Input.h">
      <Filter>ソースファイル\OGSystem\System\Input</Filter>
    </ClInclude>
    <ClInclude Include="src\OGSystem\Font\Font.h">
      <Filter>ソースファイル\OGSystem\System\Font</Filter>
    </ClInclude>
    <ClInclude Include="src\OGSystem\Window\Window.h">
      <Filter>ソースファイル\OGSystem\System\Window</Filter>
    </ClInclude>
    <ClInclude Include="src\OGSystem\Texture\Texture.h">
      <Filter>ソースファイル\OGSystem\System\Texture</Filter>
    </ClInclude>
    <ClInclude Include="src\OGSystem\Collision\Collision.h">
      <Filter>ソースファイル\OGSystem\System\Collision</Filter>
    </ClInclude>
    <ClInclude Include="src\OGSystem\Audio\Audio.h">
      <Filter>ソースファイル\OGSystem\System\Sound\Audio</Filter>
    </ClInclude>
    <ClInclude Include="src\OGSystem\Audio\Sound.h">
      <Filter>ソースファイル\OGSystem\System\Sound</Filter>
    </ClInclude>
    <ClInclude Include="src\OGSystem\Audio\StreamingSound.h">
      <Filter>ソースファイル\OGSystem\System\Sound</Filter>
    </ClInclude>
    <ClInclude Include="src\Gimmick\NO_MOVE\Kanetuki.h">
      <Filter>ソースファイル\GIMMCK\NO_MOVE_GIMMCK</Filter>
    </ClInclude>
    <ClInclude Include="src\Gimmick\NO_MOVE\Seihyouki.h">
      <Filter>ソースファイル\GIMMCK\NO_MOVE_GIMMCK</Filter>
    </ClInclude>
    <ClInclude Include="src\Gimmick\NO_MOVE\Switch.h">
      <Filter>ソースファイル\GIMMCK\NO_MOVE_GIMMCK</Filter>
    </ClInclude>
    <ClInclude Include="src\Gimmick\MOVE\Container.h">
      <Filter>ソースファイル\GIMMCK\MOVE_GMMCK</Filter>
    </ClInclude>
    <ClInclude Include="src\Block\block.h">
      <Filter>ソースファイル\Block</Filter>
    </ClInclude>
    <ClInclude Include="src\Task\Task_Game.h">
      <Filter>ソースファイル\Task\Game</Filter>
    </ClInclude>
    <ClInclude Include="src\Task\Task_Title.h">
      <Filter>ソースファイル\Task\Title</Filter>
    </ClInclude>
    <ClInclude Include="src\Gimmick\NO_MOVE\Senpuki.h">
      <Filter>ソースファイル\GIMMCK\NO_MOVE_GIMMCK</Filter>
    </ClInclude>
  </ItemGroup>
</Project>